
Microsoft Visual Studio Solution File, Format Version 12.00
# Visual Studio Version 16
VisualStudioVersion = 16.0.31019.35
MinimumVisualStudioVersion = 10.0.40219.1
Project("{8BC9CEB8-8B4A-11D0-8D11-00A0C91BC942}") = "101_Symmetric_Tree", "101_Symmetric_Tree\101_Symmetric_Tree.vcxproj", "{A8891250-F68D-4F2F-B1B5-32EEF4F5F1D5}"
EndProject
Project("{8BC9CEB8-8B4A-11D0-8D11-00A0C91BC942}") = "102_Binary_Tree_Level_Order_Traversal", "102_Binary_Tree_Level_Order_Traversal\102_Binary_Tree_Level_Order_Traversal.vcxproj", "{CF124DED-0373-4100-A891-D795F5AA8180}"
EndProject
Project("{8BC9CEB8-8B4A-11D0-8D11-00A0C91BC942}") = "103_Binary_Tree_Zigzag_Lev_Traversal", "103_Binary_Tree_Zigzag_Lev_Traversal\103_Binary_Tree_Zigzag_Lev_Traversal.vcxproj", "{512E53A5-A292-4EE9-986E-24EFAB93D236}"
EndProject
Project("{8BC9CEB8-8B4A-11D0-8D11-00A0C91BC942}") = "104_Maximum_Depth_of_Binary_Tree", "104_Maximum_Depth_of_Binary_Tree\104_Maximum_Depth_of_Binary_Tree.vcxproj", "{01EBD1C8-03A5-4F74-9F2B-DB5BF6C21C53}"
EndProject
Project("{8BC9CEB8-8B4A-11D0-8D11-00A0C91BC942}") = "105_Build_Binary_Tree_in_Pre_and_Inorder", "105_Build_Binary_Tree_in_Pre_and_Inorder\105_Build_Binary_Tree_in_Pre_and_Inorder.vcxproj", "{D134F1CF-4E33-4E66-B8A7-BBA3680F8C36}"
EndProject
Project("{8BC9CEB8-8B4A-11D0-8D11-00A0C91BC942}") = "106_Build_Binary_Tree_From_In_Postorder", "106_Build_Binary_Tree_From_In_Postorder\106_Build_Binary_Tree_From_In_Postorder.vcxproj", "{2F3EB854-E339-431E-8899-3E54B56BA71A}"
EndProject
Project("{8BC9CEB8-8B4A-11D0-8D11-00A0C91BC942}") = "107_Binary_Tree_Lev_Traversal_II", "107_Binary_Tree_Lev_Traversal_II\107_Binary_Tree_Lev_Traversal_II.vcxproj", "{DD954077-9AB1-419E-A1E9-C4E0636A694C}"
EndProject
Project("{8BC9CEB8-8B4A-11D0-8D11-00A0C91BC942}") = "108_Sorted_Array_to_BSTree", "108_Sorted_Array_to_BSTree\108_Sorted_Array_to_BSTree.vcxproj", "{C880EE55-C12C-4D26-85EE-8A6DE30F6BD0}"
EndProject
Project("{8BC9CEB8-8B4A-11D0-8D11-00A0C91BC942}") = "109_Sorted_List_to_BST", "109_Sorted_List_to_BST\109_Sorted_List_to_BST.vcxproj", "{143C559F-15AD-48A3-9122-F5EDD2FDD62D}"
EndProject
Project("{8BC9CEB8-8B4A-11D0-8D11-00A0C91BC942}") = "110_Balanced_Binary_Tree", "110_Balanced_Binary_Tree\110_Balanced_Binary_Tree.vcxproj", "{27C01031-0455-451B-B7FC-F14816B1BC34}"
EndProject
Project("{8BC9CEB8-8B4A-11D0-8D11-00A0C91BC942}") = "111_Min_Depth_of_Binary_Tree", "111_Min_Depth_of_Binary_Tree\111_Min_Depth_of_Binary_Tree.vcxproj", "{CA01DB37-AE39-4959-B059-3B92108DF1E3}"
EndProject
Project("{8BC9CEB8-8B4A-11D0-8D11-00A0C91BC942}") = "112_Path_Sum", "112_Path_Sum\112_Path_Sum.vcxproj", "{369B3D65-035F-4748-B3C7-F51A1380EECE}"
EndProject
Project("{8BC9CEB8-8B4A-11D0-8D11-00A0C91BC942}") = "113_Path_Sum_II", "113_Path_Sum_II\113_Path_Sum_II.vcxproj", "{34D17139-AD82-4946-8D99-6C63BF0A41E3}"
EndProject
Project("{8BC9CEB8-8B4A-11D0-8D11-00A0C91BC942}") = "114_Binary_Tree_to_Linked_List", "114_Binary_Tree_to_Linked_List\114_Binary_Tree_to_Linked_List.vcxproj", "{B65F3ED5-FC87-466E-B63D-FCA4CD1EDDBF}"
EndProject
Project("{8BC9CEB8-8B4A-11D0-8D11-00A0C91BC942}") = "116_Populat_Next_Right_Pointer", "116_Populat_Next_Right_Pointer\116_Populat_Next_Right_Pointer.vcxproj", "{F7D6A394-8F76-4E06-9210-45F96643DDCC}"
EndProject
Project("{8BC9CEB8-8B4A-11D0-8D11-00A0C91BC942}") = "117_Populat_Next_Right_Pointer_II", "117_Populat_Next_Right_Pointer_II\117_Populat_Next_Right_Pointer_II.vcxproj", "{7F895A62-8C60-4B97-8E60-B6E125DEEE12}"
EndProject
Project("{8BC9CEB8-8B4A-11D0-8D11-00A0C91BC942}") = "118_Pascal_Triangle", "118_Pascal_Triangle\118_Pascal_Triangle.vcxproj", "{E0340E44-D235-429E-BAB0-0BE311EF67BD}"
EndProject
Project("{8BC9CEB8-8B4A-11D0-8D11-00A0C91BC942}") = "119_Pascal_Triangle_II", "119_Pascal_Triangle_II\119_Pascal_Triangle_II.vcxproj", "{27982E00-D674-4B04-9994-9AD8557352A4}"
EndProject
Global
	GlobalSection(SolutionConfigurationPlatforms) = preSolution
		Debug|x64 = Debug|x64
		Debug|x86 = Debug|x86
		Release|x64 = Release|x64
		Release|x86 = Release|x86
	EndGlobalSection
	GlobalSection(ProjectConfigurationPlatforms) = postSolution
		{A8891250-F68D-4F2F-B1B5-32EEF4F5F1D5}.Debug|x64.ActiveCfg = Debug|x64
		{A8891250-F68D-4F2F-B1B5-32EEF4F5F1D5}.Debug|x64.Build.0 = Debug|x64
		{A8891250-F68D-4F2F-B1B5-32EEF4F5F1D5}.Debug|x86.ActiveCfg = Debug|Win32
		{A8891250-F68D-4F2F-B1B5-32EEF4F5F1D5}.Debug|x86.Build.0 = Debug|Win32
		{A8891250-F68D-4F2F-B1B5-32EEF4F5F1D5}.Release|x64.ActiveCfg = Release|x64
		{A8891250-F68D-4F2F-B1B5-32EEF4F5F1D5}.Release|x64.Build.0 = Release|x64
		{A8891250-F68D-4F2F-B1B5-32EEF4F5F1D5}.Release|x86.ActiveCfg = Release|Win32
		{A8891250-F68D-4F2F-B1B5-32EEF4F5F1D5}.Release|x86.Build.0 = Release|Win32
		{CF124DED-0373-4100-A891-D795F5AA8180}.Debug|x64.ActiveCfg = Debug|x64
		{CF124DED-0373-4100-A891-D795F5AA8180}.Debug|x64.Build.0 = Debug|x64
		{CF124DED-0373-4100-A891-D795F5AA8180}.Debug|x86.ActiveCfg = Debug|Win32
		{CF124DED-0373-4100-A891-D795F5AA8180}.Debug|x86.Build.0 = Debug|Win32
		{CF124DED-0373-4100-A891-D795F5AA8180}.Release|x64.ActiveCfg = Release|x64
		{CF124DED-0373-4100-A891-D795F5AA8180}.Release|x64.Build.0 = Release|x64
		{CF124DED-0373-4100-A891-D795F5AA8180}.Release|x86.ActiveCfg = Release|Win32
		{CF124DED-0373-4100-A891-D795F5AA8180}.Release|x86.Build.0 = Release|Win32
		{512E53A5-A292-4EE9-986E-24EFAB93D236}.Debug|x64.ActiveCfg = Debug|x64
		{512E53A5-A292-4EE9-986E-24EFAB93D236}.Debug|x64.Build.0 = Debug|x64
		{512E53A5-A292-4EE9-986E-24EFAB93D236}.Debug|x86.ActiveCfg = Debug|Win32
		{512E53A5-A292-4EE9-986E-24EFAB93D236}.Debug|x86.Build.0 = Debug|Win32
		{512E53A5-A292-4EE9-986E-24EFAB93D236}.Release|x64.ActiveCfg = Release|x64
		{512E53A5-A292-4EE9-986E-24EFAB93D236}.Release|x64.Build.0 = Release|x64
		{512E53A5-A292-4EE9-986E-24EFAB93D236}.Release|x86.ActiveCfg = Release|Win32
		{512E53A5-A292-4EE9-986E-24EFAB93D236}.Release|x86.Build.0 = Release|Win32
		{01EBD1C8-03A5-4F74-9F2B-DB5BF6C21C53}.Debug|x64.ActiveCfg = Debug|x64
		{01EBD1C8-03A5-4F74-9F2B-DB5BF6C21C53}.Debug|x64.Build.0 = Debug|x64
		{01EBD1C8-03A5-4F74-9F2B-DB5BF6C21C53}.Debug|x86.ActiveCfg = Debug|Win32
		{01EBD1C8-03A5-4F74-9F2B-DB5BF6C21C53}.Debug|x86.Build.0 = Debug|Win32
		{01EBD1C8-03A5-4F74-9F2B-DB5BF6C21C53}.Release|x64.ActiveCfg = Release|x64
		{01EBD1C8-03A5-4F74-9F2B-DB5BF6C21C53}.Release|x64.Build.0 = Release|x64
		{01EBD1C8-03A5-4F74-9F2B-DB5BF6C21C53}.Release|x86.ActiveCfg = Release|Win32
		{01EBD1C8-03A5-4F74-9F2B-DB5BF6C21C53}.Release|x86.Build.0 = Release|Win32
		{D134F1CF-4E33-4E66-B8A7-BBA3680F8C36}.Debug|x64.ActiveCfg = Debug|x64
		{D134F1CF-4E33-4E66-B8A7-BBA3680F8C36}.Debug|x64.Build.0 = Debug|x64
		{D134F1CF-4E33-4E66-B8A7-BBA3680F8C36}.Debug|x86.ActiveCfg = Debug|Win32
		{D134F1CF-4E33-4E66-B8A7-BBA3680F8C36}.Debug|x86.Build.0 = Debug|Win32
		{D134F1CF-4E33-4E66-B8A7-BBA3680F8C36}.Release|x64.ActiveCfg = Release|x64
		{D134F1CF-4E33-4E66-B8A7-BBA3680F8C36}.Release|x64.Build.0 = Release|x64
		{D134F1CF-4E33-4E66-B8A7-BBA3680F8C36}.Release|x86.ActiveCfg = Release|Win32
		{D134F1CF-4E33-4E66-B8A7-BBA3680F8C36}.Release|x86.Build.0 = Release|Win32
		{2F3EB854-E339-431E-8899-3E54B56BA71A}.Debug|x64.ActiveCfg = Debug|x64
		{2F3EB854-E339-431E-8899-3E54B56BA71A}.Debug|x64.Build.0 = Debug|x64
		{2F3EB854-E339-431E-8899-3E54B56BA71A}.Debug|x86.ActiveCfg = Debug|Win32
		{2F3EB854-E339-431E-8899-3E54B56BA71A}.Debug|x86.Build.0 = Debug|Win32
		{2F3EB854-E339-431E-8899-3E54B56BA71A}.Release|x64.ActiveCfg = Release|x64
		{2F3EB854-E339-431E-8899-3E54B56BA71A}.Release|x64.Build.0 = Release|x64
		{2F3EB854-E339-431E-8899-3E54B56BA71A}.Release|x86.ActiveCfg = Release|Win32
		{2F3EB854-E339-431E-8899-3E54B56BA71A}.Release|x86.Build.0 = Release|Win32
		{DD954077-9AB1-419E-A1E9-C4E0636A694C}.Debug|x64.ActiveCfg = Debug|x64
		{DD954077-9AB1-419E-A1E9-C4E0636A694C}.Debug|x64.Build.0 = Debug|x64
		{DD954077-9AB1-419E-A1E9-C4E0636A694C}.Debug|x86.ActiveCfg = Debug|Win32
		{DD954077-9AB1-419E-A1E9-C4E0636A694C}.Debug|x86.Build.0 = Debug|Win32
		{DD954077-9AB1-419E-A1E9-C4E0636A694C}.Release|x64.ActiveCfg = Release|x64
		{DD954077-9AB1-419E-A1E9-C4E0636A694C}.Release|x64.Build.0 = Release|x64
		{DD954077-9AB1-419E-A1E9-C4E0636A694C}.Release|x86.ActiveCfg = Release|Win32
		{DD954077-9AB1-419E-A1E9-C4E0636A694C}.Release|x86.Build.0 = Release|Win32
		{C880EE55-C12C-4D26-85EE-8A6DE30F6BD0}.Debug|x64.ActiveCfg = Debug|x64
		{C880EE55-C12C-4D26-85EE-8A6DE30F6BD0}.Debug|x64.Build.0 = Debug|x64
		{C880EE55-C12C-4D26-85EE-8A6DE30F6BD0}.Debug|x86.ActiveCfg = Debug|Win32
		{C880EE55-C12C-4D26-85EE-8A6DE30F6BD0}.Debug|x86.Build.0 = Debug|Win32
		{C880EE55-C12C-4D26-85EE-8A6DE30F6BD0}.Release|x64.ActiveCfg = Release|x64
		{C880EE55-C12C-4D26-85EE-8A6DE30F6BD0}.Release|x64.Build.0 = Release|x64
		{C880EE55-C12C-4D26-85EE-8A6DE30F6BD0}.Release|x86.ActiveCfg = Release|Win32
		{C880EE55-C12C-4D26-85EE-8A6DE30F6BD0}.Release|x86.Build.0 = Release|Win32
		{143C559F-15AD-48A3-9122-F5EDD2FDD62D}.Debug|x64.ActiveCfg = Debug|x64
		{143C559F-15AD-48A3-9122-F5EDD2FDD62D}.Debug|x64.Build.0 = Debug|x64
		{143C559F-15AD-48A3-9122-F5EDD2FDD62D}.Debug|x86.ActiveCfg = Debug|Win32
		{143C559F-15AD-48A3-9122-F5EDD2FDD62D}.Debug|x86.Build.0 = Debug|Win32
		{143C559F-15AD-48A3-9122-F5EDD2FDD62D}.Release|x64.ActiveCfg = Release|x64
		{143C559F-15AD-48A3-9122-F5EDD2FDD62D}.Release|x64.Build.0 = Release|x64
		{143C559F-15AD-48A3-9122-F5EDD2FDD62D}.Release|x86.ActiveCfg = Release|Win32
		{143C559F-15AD-48A3-9122-F5EDD2FDD62D}.Release|x86.Build.0 = Release|Win32
		{27C01031-0455-451B-B7FC-F14816B1BC34}.Debug|x64.ActiveCfg = Debug|x64
		{27C01031-0455-451B-B7FC-F14816B1BC34}.Debug|x64.Build.0 = Debug|x64
		{27C01031-0455-451B-B7FC-F14816B1BC34}.Debug|x86.ActiveCfg = Debug|Win32
		{27C01031-0455-451B-B7FC-F14816B1BC34}.Debug|x86.Build.0 = Debug|Win32
		{27C01031-0455-451B-B7FC-F14816B1BC34}.Release|x64.ActiveCfg = Release|x64
		{27C01031-0455-451B-B7FC-F14816B1BC34}.Release|x64.Build.0 = Release|x64
		{27C01031-0455-451B-B7FC-F14816B1BC34}.Release|x86.ActiveCfg = Release|Win32
		{27C01031-0455-451B-B7FC-F14816B1BC34}.Release|x86.Build.0 = Release|Win32
		{CA01DB37-AE39-4959-B059-3B92108DF1E3}.Debug|x64.ActiveCfg = Debug|x64
		{CA01DB37-AE39-4959-B059-3B92108DF1E3}.Debug|x64.Build.0 = Debug|x64
		{CA01DB37-AE39-4959-B059-3B92108DF1E3}.Debug|x86.ActiveCfg = Debug|Win32
		{CA01DB37-AE39-4959-B059-3B92108DF1E3}.Debug|x86.Build.0 = Debug|Win32
		{CA01DB37-AE39-4959-B059-3B92108DF1E3}.Release|x64.ActiveCfg = Release|x64
		{CA01DB37-AE39-4959-B059-3B92108DF1E3}.Release|x64.Build.0 = Release|x64
		{CA01DB37-AE39-4959-B059-3B92108DF1E3}.Release|x86.ActiveCfg = Release|Win32
		{CA01DB37-AE39-4959-B059-3B92108DF1E3}.Release|x86.Build.0 = Release|Win32
		{369B3D65-035F-4748-B3C7-F51A1380EECE}.Debug|x64.ActiveCfg = Debug|x64
		{369B3D65-035F-4748-B3C7-F51A1380EECE}.Debug|x64.Build.0 = Debug|x64
		{369B3D65-035F-4748-B3C7-F51A1380EECE}.Debug|x86.ActiveCfg = Debug|Win32
		{369B3D65-035F-4748-B3C7-F51A1380EECE}.Debug|x86.Build.0 = Debug|Win32
		{369B3D65-035F-4748-B3C7-F51A1380EECE}.Release|x64.ActiveCfg = Release|x64
		{369B3D65-035F-4748-B3C7-F51A1380EECE}.Release|x64.Build.0 = Release|x64
		{369B3D65-035F-4748-B3C7-F51A1380EECE}.Release|x86.ActiveCfg = Release|Win32
		{369B3D65-035F-4748-B3C7-F51A1380EECE}.Release|x86.Build.0 = Release|Win32
		{34D17139-AD82-4946-8D99-6C63BF0A41E3}.Debug|x64.ActiveCfg = Debug|x64
		{34D17139-AD82-4946-8D99-6C63BF0A41E3}.Debug|x64.Build.0 = Debug|x64
		{34D17139-AD82-4946-8D99-6C63BF0A41E3}.Debug|x86.ActiveCfg = Debug|Win32
		{34D17139-AD82-4946-8D99-6C63BF0A41E3}.Debug|x86.Build.0 = Debug|Win32
		{34D17139-AD82-4946-8D99-6C63BF0A41E3}.Release|x64.ActiveCfg = Release|x64
		{34D17139-AD82-4946-8D99-6C63BF0A41E3}.Release|x64.Build.0 = Release|x64
		{34D17139-AD82-4946-8D99-6C63BF0A41E3}.Release|x86.ActiveCfg = Release|Win32
		{34D17139-AD82-4946-8D99-6C63BF0A41E3}.Release|x86.Build.0 = Release|Win32
		{B65F3ED5-FC87-466E-B63D-FCA4CD1EDDBF}.Debug|x64.ActiveCfg = Debug|x64
		{B65F3ED5-FC87-466E-B63D-FCA4CD1EDDBF}.Debug|x64.Build.0 = Debug|x64
		{B65F3ED5-FC87-466E-B63D-FCA4CD1EDDBF}.Debug|x86.ActiveCfg = Debug|Win32
		{B65F3ED5-FC87-466E-B63D-FCA4CD1EDDBF}.Debug|x86.Build.0 = Debug|Win32
		{B65F3ED5-FC87-466E-B63D-FCA4CD1EDDBF}.Release|x64.ActiveCfg = Release|x64
		{B65F3ED5-FC87-466E-B63D-FCA4CD1EDDBF}.Release|x64.Build.0 = Release|x64
		{B65F3ED5-FC87-466E-B63D-FCA4CD1EDDBF}.Release|x86.ActiveCfg = Release|Win32
		{B65F3ED5-FC87-466E-B63D-FCA4CD1EDDBF}.Release|x86.Build.0 = Release|Win32
		{F7D6A394-8F76-4E06-9210-45F96643DDCC}.Debug|x64.ActiveCfg = Debug|x64
		{F7D6A394-8F76-4E06-9210-45F96643DDCC}.Debug|x64.Build.0 = Debug|x64
		{F7D6A394-8F76-4E06-9210-45F96643DDCC}.Debug|x86.ActiveCfg = Debug|Win32
		{F7D6A394-8F76-4E06-9210-45F96643DDCC}.Debug|x86.Build.0 = Debug|Win32
		{F7D6A394-8F76-4E06-9210-45F96643DDCC}.Release|x64.ActiveCfg = Release|x64
		{F7D6A394-8F76-4E06-9210-45F96643DDCC}.Release|x64.Build.0 = Release|x64
		{F7D6A394-8F76-4E06-9210-45F96643DDCC}.Release|x86.ActiveCfg = Release|Win32
		{F7D6A394-8F76-4E06-9210-45F96643DDCC}.Release|x86.Build.0 = Release|Win32
		{7F895A62-8C60-4B97-8E60-B6E125DEEE12}.Debug|x64.ActiveCfg = Debug|x64
		{7F895A62-8C60-4B97-8E60-B6E125DEEE12}.Debug|x64.Build.0 = Debug|x64
		{7F895A62-8C60-4B97-8E60-B6E125DEEE12}.Debug|x86.ActiveCfg = Debug|Win32
		{7F895A62-8C60-4B97-8E60-B6E125DEEE12}.Debug|x86.Build.0 = Debug|Win32
		{7F895A62-8C60-4B97-8E60-B6E125DEEE12}.Release|x64.ActiveCfg = Release|x64
		{7F895A62-8C60-4B97-8E60-B6E125DEEE12}.Release|x64.Build.0 = Release|x64
		{7F895A62-8C60-4B97-8E60-B6E125DEEE12}.Release|x86.ActiveCfg = Release|Win32
		{7F895A62-8C60-4B97-8E60-B6E125DEEE12}.Release|x86.Build.0 = Release|Win32
		{E0340E44-D235-429E-BAB0-0BE311EF67BD}.Debug|x64.ActiveCfg = Debug|x64
		{E0340E44-D235-429E-BAB0-0BE311EF67BD}.Debug|x64.Build.0 = Debug|x64
		{E0340E44-D235-429E-BAB0-0BE311EF67BD}.Debug|x86.ActiveCfg = Debug|Win32
		{E0340E44-D235-429E-BAB0-0BE311EF67BD}.Debug|x86.Build.0 = Debug|Win32
		{E0340E44-D235-429E-BAB0-0BE311EF67BD}.Release|x64.ActiveCfg = Release|x64
		{E0340E44-D235-429E-BAB0-0BE311EF67BD}.Release|x64.Build.0 = Release|x64
		{E0340E44-D235-429E-BAB0-0BE311EF67BD}.Release|x86.ActiveCfg = Release|Win32
		{E0340E44-D235-429E-BAB0-0BE311EF67BD}.Release|x86.Build.0 = Release|Win32
		{27982E00-D674-4B04-9994-9AD8557352A4}.Debug|x64.ActiveCfg = Debug|x64
		{27982E00-D674-4B04-9994-9AD8557352A4}.Debug|x64.Build.0 = Debug|x64
		{27982E00-D674-4B04-9994-9AD8557352A4}.Debug|x86.ActiveCfg = Debug|Win32
		{27982E00-D674-4B04-9994-9AD8557352A4}.Debug|x86.Build.0 = Debug|Win32
		{27982E00-D674-4B04-9994-9AD8557352A4}.Release|x64.ActiveCfg = Release|x64
		{27982E00-D674-4B04-9994-9AD8557352A4}.Release|x64.Build.0 = Release|x64
		{27982E00-D674-4B04-9994-9AD8557352A4}.Release|x86.ActiveCfg = Release|Win32
		{27982E00-D674-4B04-9994-9AD8557352A4}.Release|x86.Build.0 = Release|Win32
	EndGlobalSection
	GlobalSection(SolutionProperties) = preSolution
		HideSolutionNode = FALSE
	EndGlobalSection
	GlobalSection(ExtensibilityGlobals) = postSolution
		SolutionGuid = {26135B2F-CBE8-4FC2-AF27-1DD6D1AF6A86}
	EndGlobalSection
EndGlobal
